PODS:
  - Alamofire (4.9.1)
  - Toast-Swift (4.0.1)

DEPENDENCIES:
  - Alamofire (~> 4.4)
  - Toast-Swift (~> 4.0.1)

SPEC REPOS:
  trunk:
    - Alamofire
    - Toast-Swift

SPEC CHECKSUMS:
  Alamofire: 85e8a02c69d6020a0d734f6054870d7ecb75cf18
  Toast-Swift: e42a638589a2f95036b4bb7626cfbdde7daf0393

PODFILE CHECKSUM: de2a2c8564feb39de00a5565cc7b2fb92c09e1c6

COCOAPODS: 1.8.4
