// !$*UTF8*$!
{
	archiveVersion = 1;
	classes = {
	};
	objectVersion = 46;
	objects = {

/* Begin PBXBuildFile section */
		2342503F1EE98BF6005DA2C1 /* AppDelegate.swift in Sources */ = {isa = PBXBuildFile; fileRef = 2342503E1EE98BF6005DA2C1 /* AppDelegate.swift */; };
		234250411EE98BF6005DA2C1 /* MainVC.swift in Sources */ = {isa = PBXBuildFile; fileRef = 234250401EE98BF6005DA2C1 /* MainVC.swift */; };
		234250441EE98BF6005DA2C1 /* Main.storyboard in Resources */ = {isa = PBXBuildFile; fileRef = 234250421EE98BF6005DA2C1 /* Main.storyboard */; };
		234250471EE98BF6005DA2C1 /* HackalistApp.xcdatamodeld in Sources */ = {isa = PBXBuildFile; fileRef = 234250451EE98BF6005DA2C1 /* HackalistApp.xcdatamodeld */; };
		234250491EE98BF6005DA2C1 /* Assets.xcassets in Resources */ = {isa = PBXBuildFile; fileRef = 234250481EE98BF6005DA2C1 /* Assets.xcassets */; };
		2342504C1EE98BF6005DA2C1 /* LaunchScreen.storyboard in Resources */ = {isa = PBXBuildFile; fileRef = 2342504A1EE98BF6005DA2C1 /* LaunchScreen.storyboard */; };
		234250571EE99DD4005DA2C1 /* HackathonCell.swift in Sources */ = {isa = PBXBuildFile; fileRef = 234250561EE99DD4005DA2C1 /* HackathonCell.swift */; };
		234250591EE9A3D2005DA2C1 /* Hackathon.swift in Sources */ = {isa = PBXBuildFile; fileRef = 234250581EE9A3D2005DA2C1 /* Hackathon.swift */; };
		234E55401F460B4100402086 /* HackathonDetailVC.swift in Sources */ = {isa = PBXBuildFile; fileRef = 234E553F1F460B4100402086 /* HackathonDetailVC.swift */; };
		52D8E86B529010609E14798F /* Pods_HackalistApp.framework in Frameworks */ = {isa = PBXBuildFile; fileRef = D2274F0697E0D8BB56F3BA73 /* Pods_HackalistApp.framework */; };
		8212C08A1F0C96CA00008D1A /* Constants.swift in Sources */ = {isa = PBXBuildFile; fileRef = 8212C0891F0C96CA00008D1A /* Constants.swift */; };
		8236D7B41F47E127001B54FA /* WebViewVC.swift in Sources */ = {isa = PBXBuildFile; fileRef = 8236D7B31F47E127001B54FA /* WebViewVC.swift */; };
		8272BD741F489F1E003F575A /* materialDesign.swift in Sources */ = {isa = PBXBuildFile; fileRef = 8272BD731F489F1E003F575A /* materialDesign.swift */; };
/* End PBXBuildFile section */

/* Begin PBXFileReference section */
		210F37CC69B594526ED2A4A9 /* Pods-HackalistApp.release.xcconfig */ = {isa = PBXFileReference; includeInIndex = 1; lastKnownFileType = text.xcconfig; name = "Pods-HackalistApp.release.xcconfig"; path = "Pods/Target Support Files/Pods-HackalistApp/Pods-HackalistApp.release.xcconfig"; sourceTree = "<group>"; };
		2342503B1EE98BF6005DA2C1 /* HackalistApp.app */ = {isa = PBXFileReference; explicitFileType = wrapper.application; includeInIndex = 0; path = HackalistApp.app; sourceTree = BUILT_PRODUCTS_DIR; };
		2342503E1EE98BF6005DA2C1 /* AppDelegate.swift */ = {isa = PBXFileReference; lastKnownFileType = sourcecode.swift; path = AppDelegate.swift; sourceTree = "<group>"; };
		234250401EE98BF6005DA2C1 /* MainVC.swift */ = {isa = PBXFileReference; lastKnownFileType = sourcecode.swift; path = MainVC.swift; sourceTree = "<group>"; };
		234250431EE98BF6005DA2C1 /* Base */ = {isa = PBXFileReference; lastKnownFileType = file.storyboard; name = Base; path = Base.lproj/Main.storyboard; sourceTree = "<group>"; };
		234250461EE98BF6005DA2C1 /* HackalistApp.xcdatamodel */ = {isa = PBXFileReference; lastKnownFileType = wrapper.xcdatamodel; path = HackalistApp.xcdatamodel; sourceTree = "<group>"; };
		234250481EE98BF6005DA2C1 /* Assets.xcassets */ = {isa = PBXFileReference; lastKnownFileType = folder.assetcatalog; path = Assets.xcassets; sourceTree = "<group>"; };
		2342504B1EE98BF6005DA2C1 /* Base */ = {isa = PBXFileReference; lastKnownFileType = file.storyboard; name = Base; path = Base.lproj/LaunchScreen.storyboard; sourceTree = "<group>"; };
		2342504D1EE98BF6005DA2C1 /* Info.plist */ = {isa = PBXFileReference; lastKnownFileType = text.plist.xml; path = Info.plist; sourceTree = "<group>"; };
		234250561EE99DD4005DA2C1 /* HackathonCell.swift */ = {isa = PBXFileReference; fileEncoding = 4; lastKnownFileType = sourcecode.swift; path = HackathonCell.swift; sourceTree = "<group>"; };
		234250581EE9A3D2005DA2C1 /* Hackathon.swift */ = {isa = PBXFileReference; fileEncoding = 4; lastKnownFileType = sourcecode.swift; path = Hackathon.swift; sourceTree = "<group>"; };
		234E553F1F460B4100402086 /* HackathonDetailVC.swift */ = {isa = PBXFileReference; fileEncoding = 4; lastKnownFileType = sourcecode.swift; path = HackathonDetailVC.swift; sourceTree = "<group>"; };
		8212C0891F0C96CA00008D1A /* Constants.swift */ = {isa = PBXFileReference; fileEncoding = 4; lastKnownFileType = sourcecode.swift; path = Constants.swift; sourceTree = "<group>"; };
		8236D7B31F47E127001B54FA /* WebViewVC.swift */ = {isa = PBXFileReference; fileEncoding = 4; lastKnownFileType = sourcecode.swift; path = WebViewVC.swift; sourceTree = "<group>"; };
		8272BD731F489F1E003F575A /* materialDesign.swift */ = {isa = PBXFileReference; fileEncoding = 4; lastKnownFileType = sourcecode.swift; path = materialDesign.swift; sourceTree = "<group>"; };
		A1EE3EAC976F53068B252671 /* Pods-HackalistApp.debug.xcconfig */ = {isa = PBXFileReference; includeInIndex = 1; lastKnownFileType = text.xcconfig; name = "Pods-HackalistApp.debug.xcconfig"; path = "Pods/Target Support Files/Pods-HackalistApp/Pods-HackalistApp.debug.xcconfig"; sourceTree = "<group>"; };
		D2274F0697E0D8BB56F3BA73 /* Pods_HackalistApp.framework */ = {isa = PBXFileReference; explicitFileType = wrapper.framework; includeInIndex = 0; path = Pods_HackalistApp.framework; sourceTree = BUILT_PRODUCTS_DIR; };
/* End PBXFileReference section */

/* Begin PBXFrameworksBuildPhase section */
		234250381EE98BF6005DA2C1 /* Frameworks */ = {
			isa = PBXFrameworksBuildPhase;
			buildActionMask = 2147483647;
			files = (
				52D8E86B529010609E14798F /* Pods_HackalistApp.framework in Frameworks */,
			);
			runOnlyForDeploymentPostprocessing = 0;
		};
/* End PBXFrameworksBuildPhase section */

/* Begin PBXGroup section */
		234250321EE98BF6005DA2C1 = {
			isa = PBXGroup;
			children = (
				2342503D1EE98BF6005DA2C1 /* HackalistApp */,
				2342503C1EE98BF6005DA2C1 /* Products */,
				834F24D3D509F4F78532CF33 /* Pods */,
				B1EA92889040F4EADA826489 /* Frameworks */,
			);
			sourceTree = "<group>";
		};
		2342503C1EE98BF6005DA2C1 /* Products */ = {
			isa = PBXGroup;
			children = (
				2342503B1EE98BF6005DA2C1 /* HackalistApp.app */,
			);
			name = Products;
			sourceTree = "<group>";
		};
		2342503D1EE98BF6005DA2C1 /* HackalistApp */ = {
			isa = PBXGroup;
			children = (
				234250551EE99AD7005DA2C1 /* Controller */,
				234250541EE99AD3005DA2C1 /* View */,
				234250531EE99ACD005DA2C1 /* Model */,
				2342503E1EE98BF6005DA2C1 /* AppDelegate.swift */,
				234250421EE98BF6005DA2C1 /* Main.storyboard */,
				234250481EE98BF6005DA2C1 /* Assets.xcassets */,
				2342504A1EE98BF6005DA2C1 /* LaunchScreen.storyboard */,
				2342504D1EE98BF6005DA2C1 /* Info.plist */,
				234250451EE98BF6005DA2C1 /* HackalistApp.xcdatamodeld */,
			);
			path = HackalistApp;
			sourceTree = "<group>";
		};
		234250531EE99ACD005DA2C1 /* Model */ = {
			isa = PBXGroup;
			children = (
				234250581EE9A3D2005DA2C1 /* Hackathon.swift */,
				8212C0891F0C96CA00008D1A /* Constants.swift */,
			);
			name = Model;
			sourceTree = "<group>";
		};
		234250541EE99AD3005DA2C1 /* View */ = {
			isa = PBXGroup;
			children = (
				234250561EE99DD4005DA2C1 /* HackathonCell.swift */,
				8272BD731F489F1E003F575A /* materialDesign.swift */,
			);
			name = View;
			sourceTree = "<group>";
		};
		234250551EE99AD7005DA2C1 /* Controller */ = {
			isa = PBXGroup;
			children = (
				234250401EE98BF6005DA2C1 /* MainVC.swift */,
				234E553F1F460B4100402086 /* HackathonDetailVC.swift */,
				8236D7B31F47E127001B54FA /* WebViewVC.swift */,
			);
			name = Controller;
			sourceTree = "<group>";
		};
		834F24D3D509F4F78532CF33 /* Pods */ = {
			isa = PBXGroup;
			children = (
				A1EE3EAC976F53068B252671 /* Pods-HackalistApp.debug.xcconfig */,
				210F37CC69B594526ED2A4A9 /* Pods-HackalistApp.release.xcconfig */,
			);
			name = Pods;
			sourceTree = "<group>";
		};
		B1EA92889040F4EADA826489 /* Frameworks */ = {
			isa = PBXGroup;
			children = (
				D2274F0697E0D8BB56F3BA73 /* Pods_HackalistApp.framework */,
			);
			name = Frameworks;
			sourceTree = "<group>";
		};
/* End PBXGroup section */

/* Begin PBXNativeTarget section */
		2342503A1EE98BF6005DA2C1 /* HackalistApp */ = {
			isa = PBXNativeTarget;
			buildConfigurationList = 234250501EE98BF6005DA2C1 /* Build configuration list for PBXNativeTarget "HackalistApp" */;
			buildPhases = (
				51056ABDC74FB63554B6567B /* [CP] Check Pods Manifest.lock */,
				234250371EE98BF6005DA2C1 /* Sources */,
				234250381EE98BF6005DA2C1 /* Frameworks */,
				234250391EE98BF6005DA2C1 /* Resources */,
				D80A1A26A2E7D92D355859DF /* [CP] Embed Pods Frameworks */,
				384EDB6591F2A006A1BBA0E5 /* [CP] Copy Pods Resources */,
			);
			buildRules = (
			);
			dependencies = (
			);
			name = HackalistApp;
			productName = HackalistApp;
			productReference = 2342503B1EE98BF6005DA2C1 /* HackalistApp.app */;
			productType = "com.apple.product-type.application";
		};
/* End PBXNativeTarget section */

/* Begin PBXProject section */
		234250331EE98BF6005DA2C1 /* Project object */ = {
			isa = PBXProject;
			attributes = {
				LastSwiftUpdateCheck = 0830;
				LastUpgradeCheck = 0830;
				ORGANIZATIONNAME = Mathusan;
				TargetAttributes = {
					2342503A1EE98BF6005DA2C1 = {
						CreatedOnToolsVersion = 8.3.2;
						DevelopmentTeam = 3GL338SD7Q;
						ProvisioningStyle = Automatic;
					};
				};
			};
			buildConfigurationList = 234250361EE98BF6005DA2C1 /* Build configuration list for PBXProject "HackalistApp" */;
			compatibilityVersion = "Xcode 3.2";
			developmentRegion = English;
			hasScannedForEncodings = 0;
			knownRegions = (
				en,
				Base,
			);
			mainGroup = 234250321EE98BF6005DA2C1;
			productRefGroup = 2342503C1EE98BF6005DA2C1 /* Products */;
			projectDirPath = "";
			projectRoot = "";
			targets = (
				2342503A1EE98BF6005DA2C1 /* HackalistApp */,
			);
		};
/* End PBXProject section */

/* Begin PBXResourcesBuildPhase section */
		234250391EE98BF6005DA2C1 /* Resources */ = {
			isa = PBXResourcesBuildPhase;
			buildActionMask = 2147483647;
			files = (
				2342504C1EE98BF6005DA2C1 /* LaunchScreen.storyboard in Resources */,
				234250491EE98BF6005DA2C1 /* Assets.xcassets in Resources */,
				234250441EE98BF6005DA2C1 /* Main.storyboard in Resources */,
			);
			runOnlyForDeploymentPostprocessing = 0;
		};
/* End PBXResourcesBuildPhase section */

/* Begin PBXShellScriptBuildPhase section */
		384EDB6591F2A006A1BBA0E5 /* [CP] Copy Pods Resources */ = {
			isa = PBXShellScriptBuildPhase;
			buildActionMask = 2147483647;
			files = (
			);
			inputPaths = (
			);
			name = "[CP] Copy Pods Resources";
			outputPaths = (
			);
			runOnlyForDeploymentPostprocessing = 0;
			shellPath = /bin/sh;
			shellScript = "\"${SRCROOT}/Pods/Target Support Files/Pods-HackalistApp/Pods-HackalistApp-resources.sh\"\n";
			showEnvVarsInLog = 0;
		};
		51056ABDC74FB63554B6567B /* [CP] Check Pods Manifest.lock */ = {
			isa = PBXShellScriptBuildPhase;
			buildActionMask = 2147483647;
			files = (
			);
			inputPaths = (
			);
			name = "[CP] Check Pods Manifest.lock";
			outputPaths = (
			);
			runOnlyForDeploymentPostprocessing = 0;
			shellPath = /bin/sh;
			shellScript = "diff \"${PODS_PODFILE_DIR_PATH}/Podfile.lock\" \"${PODS_ROOT}/Manifest.lock\" > /dev/null\nif [ $? != 0 ] ; then\n    # print error to STDERR\n    echo \"error: The sandbox is not in sync with the Podfile.lock. Run 'pod install' or update your CocoaPods installation.\" >&2\n    exit 1\nfi\n";
			showEnvVarsInLog = 0;
		};
		D80A1A26A2E7D92D355859DF /* [CP] Embed Pods Frameworks */ = {
			isa = PBXShellScriptBuildPhase;
			buildActionMask = 2147483647;
			files = (
			);
			inputPaths = (
			);
			name = "[CP] Embed Pods Frameworks";
			outputPaths = (
			);
			runOnlyForDeploymentPostprocessing = 0;
			shellPath = /bin/sh;
			shellScript = "\"${SRCROOT}/Pods/Target Support Files/Pods-HackalistApp/Pods-HackalistApp-frameworks.sh\"\n";
			showEnvVarsInLog = 0;
		};
/* End PBXShellScriptBuildPhase section */

/* Begin PBXSourcesBuildPhase section */
		234250371EE98BF6005DA2C1 /* Sources */ = {
			isa = PBXSourcesBuildPhase;
			buildActionMask = 2147483647;
			files = (
				234250411EE98BF6005DA2C1 /* MainVC.swift in Sources */,
				8272BD741F489F1E003F575A /* materialDesign.swift in Sources */,
				234250471EE98BF6005DA2C1 /* HackalistApp.xcdatamodeld in Sources */,
				234250591EE9A3D2005DA2C1 /* Hackathon.swift in Sources */,
				234E55401F460B4100402086 /* HackathonDetailVC.swift in Sources */,
				8236D7B41F47E127001B54FA /* WebViewVC.swift in Sources */,
				2342503F1EE98BF6005DA2C1 /* AppDelegate.swift in Sources */,
				234250571EE99DD4005DA2C1 /* HackathonCell.swift in Sources */,
				8212C08A1F0C96CA00008D1A /* Constants.swift in Sources */,
			);
			runOnlyForDeploymentPostprocessing = 0;
		};
/* End PBXSourcesBuildPhase section */

/* Begin PBXVariantGroup section */
		234250421EE98BF6005DA2C1 /* Main.storyboard */ = {
			isa = PBXVariantGroup;
			children = (
				234250431EE98BF6005DA2C1 /* Base */,
			);
			name = Main.storyboard;
			sourceTree = "<group>";
		};
		2342504A1EE98BF6005DA2C1 /* LaunchScreen.storyboard */ = {
			isa = PBXVariantGroup;
			children = (
				2342504B1EE98BF6005DA2C1 /* Base */,
			);
			name = LaunchScreen.storyboard;
			sourceTree = "<group>";
		};
/* End PBXVariantGroup section */

/* Begin XCBuildConfiguration section */
		2342504E1EE98BF6005DA2C1 /* Debug */ = {
			isa = XCBuildConfiguration;
			buildSettings = {
				ALWAYS_SEARCH_USER_PATHS = NO;
				CLANG_ANALYZER_NONNULL = YES;
				CLANG_ANALYZER_NUMBER_OBJECT_CONVERSION = YES_AGGRESSIVE;
				CLANG_CXX_LANGUAGE_STANDARD = "gnu++0x";
				CLANG_CXX_LIBRARY = "libc++";
				CLANG_ENABLE_MODULES = YES;
				CLANG_ENABLE_OBJC_ARC = YES;
				CLANG_WARN_BOOL_CONVERSION = YES;
				CLANG_WARN_CONSTANT_CONVERSION = YES;
				CLANG_WARN_DIRECT_OBJC_ISA_USAGE = YES_ERROR;
				CLANG_WARN_DOCUMENTATION_COMMENTS = YES;
				CLANG_WARN_EMPTY_BODY = YES;
				CLANG_WARN_ENUM_CONVERSION = YES;
				CLANG_WARN_INFINITE_RECURSION = YES;
				CLANG_WARN_INT_CONVERSION = YES;
				CLANG_WARN_OBJC_ROOT_CLASS = YES_ERROR;
				CLANG_WARN_SUSPICIOUS_MOVE = YES;
				CLANG_WARN_UNREACHABLE_CODE = YES;
				CLANG_WARN__DUPLICATE_METHOD_MATCH = YES;
				"CODE_SIGN_IDENTITY[sdk=iphoneos*]" = "iPhone Developer";
				COPY_PHASE_STRIP = NO;
				DEBUG_INFORMATION_FORMAT = dwarf;
				ENABLE_STRICT_OBJC_MSGSEND = YES;
				ENABLE_TESTABILITY = YES;
				GCC_C_LANGUAGE_STANDARD = gnu99;
				GCC_DYNAMIC_NO_PIC = NO;
				GCC_NO_COMMON_BLOCKS = YES;
				GCC_OPTIMIZATION_LEVEL = 0;
				GCC_PREPROCESSOR_DEFINITIONS = (
					"DEBUG=1",
					"$(inherited)",
				);
				GCC_WARN_64_TO_32_BIT_CONVERSION = YES;
				GCC_WARN_ABOUT_RETURN_TYPE = YES_ERROR;
				GCC_WARN_UNDECLARED_SELECTOR = YES;
				GCC_WARN_UNINITIALIZED_AUTOS = YES_AGGRESSIVE;
				GCC_WARN_UNUSED_FUNCTION = YES;
				GCC_WARN_UNUSED_VARIABLE = YES;
				IPHONEOS_DEPLOYMENT_TARGET = 10.3;
				MTL_ENABLE_DEBUG_INFO = YES;
				ONLY_ACTIVE_ARCH = YES;
				SDKROOT = iphoneos;
				SWIFT_ACTIVE_COMPILATION_CONDITIONS = DEBUG;
				SWIFT_OPTIMIZATION_LEVEL = "-Onone";
				TARGETED_DEVICE_FAMILY = "1,2";
			};
			name = Debug;
		};
		2342504F1EE98BF6005DA2C1 /* Release */ = {
			isa = XCBuildConfiguration;
			buildSettings = {
				ALWAYS_SEARCH_USER_PATHS = NO;
				CLANG_ANALYZER_NONNULL = YES;
				CLANG_ANALYZER_NUMBER_OBJECT_CONVERSION = YES_AGGRESSIVE;
				CLANG_CXX_LANGUAGE_STANDARD = "gnu++0x";
				CLANG_CXX_LIBRARY = "libc++";
				CLANG_ENABLE_MODULES = YES;
				CLANG_ENABLE_OBJC_ARC = YES;
				CLANG_WARN_BOOL_CONVERSION = YES;
				CLANG_WARN_CONSTANT_CONVERSION = YES;
				CLANG_WARN_DIRECT_OBJC_ISA_USAGE = YES_ERROR;
				CLANG_WARN_DOCUMENTATION_COMMENTS = YES;
				CLANG_WARN_EMPTY_BODY = YES;
				CLANG_WARN_ENUM_CONVERSION = YES;
				CLANG_WARN_INFINITE_RECURSION = YES;
				CLANG_WARN_INT_CONVERSION = YES;
				CLANG_WARN_OBJC_ROOT_CLASS = YES_ERROR;
				CLANG_WARN_SUSPICIOUS_MOVE = YES;
				CLANG_WARN_UNREACHABLE_CODE = YES;
				CLANG_WARN__DUPLICATE_METHOD_MATCH = YES;
				"CODE_SIGN_IDENTITY[sdk=iphoneos*]" = "iPhone Developer";
				COPY_PHASE_STRIP = NO;
				DEBUG_INFORMATION_FORMAT = "dwarf-with-dsym";
				ENABLE_NS_ASSERTIONS = NO;
				ENABLE_STRICT_OBJC_MSGSEND = YES;
				GCC_C_LANGUAGE_STANDARD = gnu99;
				GCC_NO_COMMON_BLOCKS = YES;
				GCC_WARN_64_TO_32_BIT_CONVERSION = YES;
				GCC_WARN_ABOUT_RETURN_TYPE = YES_ERROR;
				GCC_WARN_UNDECLARED_SELECTOR = YES;
				GCC_WARN_UNINITIALIZED_AUTOS = YES_AGGRESSIVE;
				GCC_WARN_UNUSED_FUNCTION = YES;
				GCC_WARN_UNUSED_VARIABLE = YES;
				IPHONEOS_DEPLOYMENT_TARGET = 10.3;
				MTL_ENABLE_DEBUG_INFO = NO;
				SDKROOT = iphoneos;
				SWIFT_OPTIMIZATION_LEVEL = "-Owholemodule";
				TARGETED_DEVICE_FAMILY = "1,2";
				VALIDATE_PRODUCT = YES;
			};
			name = Release;
		};
		234250511EE98BF6005DA2C1 /* Debug */ = {
			isa = XCBuildConfiguration;
			baseConfigurationReference = A1EE3EAC976F53068B252671 /* Pods-HackalistApp.debug.xcconfig */;
			buildSettings = {
				ASSETCATALOG_COMPILER_APPICON_NAME = AppIcon;
				"CODE_SIGN_IDENTITY[sdk=iphoneos*]" = "iPhone Developer";
				DEVELOPMENT_TEAM = 3GL338SD7Q;
				INFOPLIST_FILE = HackalistApp/Info.plist;
				LD_RUNPATH_SEARCH_PATHS = "$(inherited) @executable_path/Frameworks";
				PRODUCT_BUNDLE_IDENTIFIER = me.mathusan.HackalistApp;
				PRODUCT_NAME = "$(TARGET_NAME)";
				PROVISIONING_PROFILE_SPECIFIER = "";
				SWIFT_VERSION = 3.0;
			};
			name = Debug;
		};
		234250521EE98BF6005DA2C1 /* Release */ = {
			isa = XCBuildConfiguration;
			baseConfigurationReference = 210F37CC69B594526ED2A4A9 /* Pods-HackalistApp.release.xcconfig */;
			buildSettings = {
				ASSETCATALOG_COMPILER_APPICON_NAME = AppIcon;
				"CODE_SIGN_IDENTITY[sdk=iphoneos*]" = "iPhone Developer";
				DEVELOPMENT_TEAM = 3GL338SD7Q;
				INFOPLIST_FILE = HackalistApp/Info.plist;
				LD_RUNPATH_SEARCH_PATHS = "$(inherited) @executable_path/Frameworks";
				PRODUCT_BUNDLE_IDENTIFIER = me.mathusan.HackalistApp;
				PRODUCT_NAME = "$(TARGET_NAME)";
				PROVISIONING_PROFILE_SPECIFIER = "";
				SWIFT_VERSION = 3.0;
			};
			name = Release;
		};
/* End XCBuildConfiguration section */

/* Begin XCConfigurationList section */
		234250361EE98BF6005DA2C1 /* Build configuration list for PBXProject "HackalistApp" */ = {
			isa = XCConfigurationList;
			buildConfigurations = (
				2342504E1EE98BF6005DA2C1 /* Debug */,
				2342504F1EE98BF6005DA2C1 /* Release */,
			);
			defaultConfigurationIsVisible = 0;
			defaultConfigurationName = Release;
		};
		234250501EE98BF6005DA2C1 /* Build configuration list for PBXNativeTarget "HackalistApp" */ = {
			isa = XCConfigurationList;
			buildConfigurations = (
				234250511EE98BF6005DA2C1 /* Debug */,
				234250521EE98BF6005DA2C1 /* Release */,
			);
			defaultConfigurationIsVisible = 0;
			defaultConfigurationName = Release;
		};
/* End XCConfigurationList section */

/* Begin XCVersionGroup section */
		234250451EE98BF6005DA2C1 /* HackalistApp.xcdatamodeld */ = {
			isa = XCVersionGroup;
			children = (
				234250461EE98BF6005DA2C1 /* HackalistApp.xcdatamodel */,
			);
			currentVersion = 234250461EE98BF6005DA2C1 /* HackalistApp.xcdatamodel */;
			path = HackalistApp.xcdatamodeld;
			sourceTree = "<group>";
			versionGroupType = wrapper.xcdatamodel;
		};
/* End XCVersionGroup section */
	};
	rootObject = 234250331EE98BF6005DA2C1 /* Project object */;
}
